// !$*UTF8*$!
{
	archiveVersion = 1;
	classes = {
	};
	objectVersion = 46;
	objects = {

/* Begin PBXBuildFile section */
		18CAE1E6251E1051B2D64C3C /* Pods_Top_Apps_App_Store.framework in Frameworks */ = {isa = PBXBuildFile; fileRef = C9F1E689D05842108860A7D2 /* Pods_Top_Apps_App_Store.framework */; settings = {ATTRIBUTES = (Weak, ); }; };
		E25437BE1B441157009844AD /* Example_Tests.swift in Sources */ = {isa = PBXBuildFile; fileRef = E25437BD1B441157009844AD /* Example_Tests.swift */; };
		E25437C71B44122C009844AD /* App.swift in Sources */ = {isa = PBXBuildFile; fileRef = E2F517381B43122D00249634 /* App.swift */; };
		E2A513DC1B4490CF00B714FA /* AppsListShouldRefreshDelegate.swift in Sources */ = {isa = PBXBuildFile; fileRef = E2A513DB1B4490CF00B714FA /* AppsListShouldRefreshDelegate.swift */; };
		E2A513DE1B44916600B714FA /* AppsList.swift in Sources */ = {isa = PBXBuildFile; fileRef = E2A513DD1B44916600B714FA /* AppsList.swift */; };
		E2F517271B430EAE00249634 /* AppDelegate.swift in Sources */ = {isa = PBXBuildFile; fileRef = E2F517261B430EAE00249634 /* AppDelegate.swift */; };
		E2F517291B430EAE00249634 /* ViewController.swift in Sources */ = {isa = PBXBuildFile; fileRef = E2F517281B430EAE00249634 /* ViewController.swift */; };
		E2F5172C1B430EAE00249634 /* Main.storyboard in Resources */ = {isa = PBXBuildFile; fileRef = E2F5172A1B430EAE00249634 /* Main.storyboard */; };
		E2F5172E1B430EAE00249634 /* Assets.xcassets in Resources */ = {isa = PBXBuildFile; fileRef = E2F5172D1B430EAE00249634 /* Assets.xcassets */; };
		E2F517391B43122D00249634 /* App.swift in Sources */ = {isa = PBXBuildFile; fileRef = E2F517381B43122D00249634 /* App.swift */; };
/* End PBXBuildFile section */

/* Begin PBXContainerItemProxy section */
		E25437C01B441157009844AD /* PBXContainerItemProxy */ = {
			isa = PBXContainerItemProxy;
			containerPortal = E2F5171B1B430EAE00249634 /* Project object */;
			proxyType = 1;
			remoteGlobalIDString = E2F517221B430EAE00249634;
			remoteInfo = "Top Apps App Store";
		};
/* End PBXContainerItemProxy section */

/* Begin PBXFileReference section */
		0FF36E49AE96715CB531FFB0 /* Pods-Top Apps App Store.debug.xcconfig */ = {isa = PBXFileReference; includeInIndex = 1; lastKnownFileType = text.xcconfig; name = "Pods-Top Apps App Store.debug.xcconfig"; path = "Pods/Target Support Files/Pods-Top Apps App Store/Pods-Top Apps App Store.debug.xcconfig"; sourceTree = "<group>"; };
		849FDAFE6FC6430E05B7F082 /* Pods-Top Apps App Store.release.xcconfig */ = {isa = PBXFileReference; includeInIndex = 1; lastKnownFileType = text.xcconfig; name = "Pods-Top Apps App Store.release.xcconfig"; path = "Pods/Target Support Files/Pods-Top Apps App Store/Pods-Top Apps App Store.release.xcconfig"; sourceTree = "<group>"; };
		C9F1E689D05842108860A7D2 /* Pods_Top_Apps_App_Store.framework */ = {isa = PBXFileReference; explicitFileType = wrapper.framework; includeInIndex = 0; path = Pods_Top_Apps_App_Store.framework; sourceTree = BUILT_PRODUCTS_DIR; };
		E25437BB1B441157009844AD /* Example Tests.xctest */ = {isa = PBXFileReference; explicitFileType = wrapper.cfbundle; includeInIndex = 0; path = "Example Tests.xctest"; sourceTree = BUILT_PRODUCTS_DIR; };
		E25437BD1B441157009844AD /* Example_Tests.swift */ = {isa = PBXFileReference; lastKnownFileType = sourcecode.swift; path = Example_Tests.swift; sourceTree = "<group>"; };
		E25437BF1B441157009844AD /* Info.plist */ = {isa = PBXFileReference; lastKnownFileType = text.plist.xml; path = Info.plist; sourceTree = "<group>"; };
		E2A513DB1B4490CF00B714FA /* AppsListShouldRefreshDelegate.swift */ = {isa = PBXFileReference; fileEncoding = 4; lastKnownFileType = sourcecode.swift; path = AppsListShouldRefreshDelegate.swift; sourceTree = "<group>"; };
		E2A513DD1B44916600B714FA /* AppsList.swift */ = {isa = PBXFileReference; fileEncoding = 4; lastKnownFileType = sourcecode.swift; path = AppsList.swift; sourceTree = "<group>"; };
		E2F517231B430EAE00249634 /* Top Apps App Store.app */ = {isa = PBXFileReference; explicitFileType = wrapper.application; includeInIndex = 0; path = "Top Apps App Store.app"; sourceTree = BUILT_PRODUCTS_DIR; };
		E2F517261B430EAE00249634 /* AppDelegate.swift */ = {isa = PBXFileReference; lastKnownFileType = sourcecode.swift; path = AppDelegate.swift; sourceTree = "<group>"; };
		E2F517281B430EAE00249634 /* ViewController.swift */ = {isa = PBXFileReference; lastKnownFileType = sourcecode.swift; path = ViewController.swift; sourceTree = "<group>"; };
		E2F5172B1B430EAE00249634 /* Base */ = {isa = PBXFileReference; lastKnownFileType = file.storyboard; name = Base; path = Base.lproj/Main.storyboard; sourceTree = "<group>"; };
		E2F5172D1B430EAE00249634 /* Assets.xcassets */ = {isa = PBXFileReference; lastKnownFileType = folder.assetcatalog; path = Assets.xcassets; sourceTree = "<group>"; };
		E2F517321B430EAE00249634 /* Info.plist */ = {isa = PBXFileReference; lastKnownFileType = text.plist.xml; path = Info.plist; sourceTree = "<group>"; };
		E2F517381B43122D00249634 /* App.swift */ = {isa = PBXFileReference; fileEncoding = 4; lastKnownFileType = sourcecode.swift; path = App.swift; sourceTree = "<group>"; };
/* End PBXFileReference section */

/* Begin PBXFrameworksBuildPhase section */
		E25437B81B441157009844AD /* Frameworks */ = {
			isa = PBXFrameworksBuildPhase;
			buildActionMask = 2147483647;
			files = (
			);
			runOnlyForDeploymentPostprocessing = 0;
		};
		E2F517201B430EAE00249634 /* Frameworks */ = {
			isa = PBXFrameworksBuildPhase;
			buildActionMask = 2147483647;
			files = (
				18CAE1E6251E1051B2D64C3C /* Pods_Top_Apps_App_Store.framework in Frameworks */,
			);
			runOnlyForDeploymentPostprocessing = 0;
		};
/* End PBXFrameworksBuildPhase section */

/* Begin PBXGroup section */
		A4E3AE81F4C590F3827F47F8 /* Pods */ = {
			isa = PBXGroup;
			children = (
				0FF36E49AE96715CB531FFB0 /* Pods-Top Apps App Store.debug.xcconfig */,
				849FDAFE6FC6430E05B7F082 /* Pods-Top Apps App Store.release.xcconfig */,
			);
			name = Pods;
			sourceTree = "<group>";
		};
		BD1283664D7965D8F82131E4 /* Frameworks */ = {
			isa = PBXGroup;
			children = (
				C9F1E689D05842108860A7D2 /* Pods_Top_Apps_App_Store.framework */,
			);
			name = Frameworks;
			sourceTree = "<group>";
		};
		E25437BC1B441157009844AD /* Example Tests */ = {
			isa = PBXGroup;
			children = (
				E25437BD1B441157009844AD /* Example_Tests.swift */,
				E25437BF1B441157009844AD /* Info.plist */,
			);
			path = "Example Tests";
			sourceTree = "<group>";
		};
		E2F5171A1B430EAE00249634 = {
			isa = PBXGroup;
			children = (
				E2F517251B430EAE00249634 /* Top Apps App Store */,
				E25437BC1B441157009844AD /* Example Tests */,
				E2F517241B430EAE00249634 /* Products */,
				A4E3AE81F4C590F3827F47F8 /* Pods */,
				BD1283664D7965D8F82131E4 /* Frameworks */,
			);
			sourceTree = "<group>";
		};
		E2F517241B430EAE00249634 /* Products */ = {
			isa = PBXGroup;
			children = (
				E2F517231B430EAE00249634 /* Top Apps App Store.app */,
				E25437BB1B441157009844AD /* Example Tests.xctest */,
			);
			name = Products;
			sourceTree = "<group>";
		};
		E2F517251B430EAE00249634 /* Top Apps App Store */ = {
			isa = PBXGroup;
			children = (
				E2FFBCC31B4325DA00EC39E9 /* Model */,
				E2F517261B430EAE00249634 /* AppDelegate.swift */,
				E2F517281B430EAE00249634 /* ViewController.swift */,
				E2F5172A1B430EAE00249634 /* Main.storyboard */,
				E2F5172D1B430EAE00249634 /* Assets.xcassets */,
				E2F517321B430EAE00249634 /* Info.plist */,
				E2A513DB1B4490CF00B714FA /* AppsListShouldRefreshDelegate.swift */,
				E2A513DD1B44916600B714FA /* AppsList.swift */,
			);
			path = "Top Apps App Store";
			sourceTree = "<group>";
		};
		E2FFBCC31B4325DA00EC39E9 /* Model */ = {
			isa = PBXGroup;
			children = (
				E2F517381B43122D00249634 /* App.swift */,
			);
			name = Model;
			sourceTree = "<group>";
		};
/* End PBXGroup section */

/* Begin PBXNativeTarget section */
		E25437BA1B441157009844AD /* Example Tests */ = {
			isa = PBXNativeTarget;
			buildConfigurationList = E25437C21B441157009844AD /* Build configuration list for PBXNativeTarget "Example Tests" */;
			buildPhases = (
				E25437B71B441157009844AD /* Sources */,
				E25437B81B441157009844AD /* Frameworks */,
				E25437B91B441157009844AD /* Resources */,
			);
			buildRules = (
			);
			dependencies = (
				E25437C11B441157009844AD /* PBXTargetDependency */,
			);
			name = "Example Tests";
			productName = "Example Tests";
			productReference = E25437BB1B441157009844AD /* Example Tests.xctest */;
			productType = "com.apple.product-type.bundle.unit-test";
		};
		E2F517221B430EAE00249634 /* Top Apps App Store */ = {
			isa = PBXNativeTarget;
			buildConfigurationList = E2F517351B430EAE00249634 /* Build configuration list for PBXNativeTarget "Top Apps App Store" */;
			buildPhases = (
				631059165271DD633C81B41D /* Check Pods Manifest.lock */,
				E2F5171F1B430EAE00249634 /* Sources */,
				E2F517201B430EAE00249634 /* Frameworks */,
				E2F517211B430EAE00249634 /* Resources */,
				7728EF68B7F7656C11B002E6 /* Embed Pods Frameworks */,
				89F964A6F9AB4CDE7071578C /* Copy Pods Resources */,
			);
			buildRules = (
			);
			dependencies = (
			);
			name = "Top Apps App Store";
			productName = "Top Apps App Store";
			productReference = E2F517231B430EAE00249634 /* Top Apps App Store.app */;
			productType = "com.apple.product-type.application";
		};
/* End PBXNativeTarget section */

/* Begin PBXProject section */
		E2F5171B1B430EAE00249634 /* Project object */ = {
			isa = PBXProject;
			attributes = {
				LastSwiftUpdateCheck = 0700;
				LastUpgradeCheck = 0700;
				ORGANIZATIONNAME = "Torianin Solutions Robert Ignasiak";
				TargetAttributes = {
					E25437BA1B441157009844AD = {
						CreatedOnToolsVersion = 7.0;
						TestTargetID = E2F517221B430EAE00249634;
					};
					E2F517221B430EAE00249634 = {
						CreatedOnToolsVersion = 7.0;
					};
				};
			};
			buildConfigurationList = E2F5171E1B430EAE00249634 /* Build configuration list for PBXProject "Top Apps App Store" */;
			compatibilityVersion = "Xcode 3.2";
			developmentRegion = English;
			hasScannedForEncodings = 0;
			knownRegions = (
				en,
				Base,
			);
			mainGroup = E2F5171A1B430EAE00249634;
			productRefGroup = E2F517241B430EAE00249634 /* Products */;
			projectDirPath = "";
			projectRoot = "";
			targets = (
				E2F517221B430EAE00249634 /* Top Apps App Store */,
				E25437BA1B441157009844AD /* Example Tests */,
			);
		};
/* End PBXProject section */

/* Begin PBXResourcesBuildPhase section */
		E25437B91B441157009844AD /* Resources */ = {
			isa = PBXResourcesBuildPhase;
			buildActionMask = 2147483647;
			files = (
			);
			runOnlyForDeploymentPostprocessing = 0;
		};
		E2F517211B430EAE00249634 /* Resources */ = {
			isa = PBXResourcesBuildPhase;
			buildActionMask = 2147483647;
			files = (
				E2F5172E1B430EAE00249634 /* Assets.xcassets in Resources */,
				E2F5172C1B430EAE00249634 /* Main.storyboard in Resources */,
			);
			runOnlyForDeploymentPostprocessing = 0;
		};
/* End PBXResourcesBuildPhase section */

/* Begin PBXShellScriptBuildPhase section */
		631059165271DD633C81B41D /* Check Pods Manifest.lock */ = {
			isa = PBXShellScriptBuildPhase;
			buildActionMask = 2147483647;
			files = (
			);
			inputPaths = (
			);
			name = "Check Pods Manifest.lock";
			outputPaths = (
			);
			runOnlyForDeploymentPostprocessing = 0;
			shellPath = /bin/sh;
			shellScript = "diff \"${PODS_ROOT}/../Podfile.lock\" \"${PODS_ROOT}/Manifest.lock\" > /dev/null\nif [[ $? != 0 ]] ; then\n    cat << EOM\nerror: The sandbox is not in sync with the Podfile.lock. Run 'pod install' or update your CocoaPods installation.\nEOM\n    exit 1\nfi\n";
			showEnvVarsInLog = 0;
		};
		7728EF68B7F7656C11B002E6 /* Embed Pods Frameworks */ = {
			isa = PBXShellScriptBuildPhase;
			buildActionMask = 2147483647;
			files = (
			);
			inputPaths = (
			);
			name = "Embed Pods Frameworks";
			outputPaths = (
			);
			runOnlyForDeploymentPostprocessing = 0;
			shellPath = /bin/sh;
			shellScript = "\"${SRCROOT}/Pods/Target Support Files/Pods-Top Apps App Store/Pods-Top Apps App Store-frameworks.sh\"\n";
			showEnvVarsInLog = 0;
		};
		89F964A6F9AB4CDE7071578C /* Copy Pods Resources */ = {
			isa = PBXShellScriptBuildPhase;
			buildActionMask = 2147483647;
			files = (
			);
			inputPaths = (
			);
			name = "Copy Pods Resources";
			outputPaths = (
			);
			runOnlyForDeploymentPostprocessing = 0;
			shellPath = /bin/sh;
			shellScript = "\"${SRCROOT}/Pods/Target Support Files/Pods-Top Apps App Store/Pods-Top Apps App Store-resources.sh\"\n";
			showEnvVarsInLog = 0;
		};
/* End PBXShellScriptBuildPhase section */

/* Begin PBXSourcesBuildPhase section */
		E25437B71B441157009844AD /* Sources */ = {
			isa = PBXSourcesBuildPhase;
			buildActionMask = 2147483647;
			files = (
				E25437C71B44122C009844AD /* App.swift in Sources */,
				E25437BE1B441157009844AD /* Example_Tests.swift in Sources */,
			);
			runOnlyForDeploymentPostprocessing = 0;
		};
		E2F5171F1B430EAE00249634 /* Sources */ = {
			isa = PBXSourcesBuildPhase;
			buildActionMask = 2147483647;
			files = (
				E2F517291B430EAE00249634 /* ViewController.swift in Sources */,
				E2A513DE1B44916600B714FA /* AppsList.swift in Sources */,
				E2F517271B430EAE00249634 /* AppDelegate.swift in Sources */,
				E2F517391B43122D00249634 /* App.swift in Sources */,
				E2A513DC1B4490CF00B714FA /* AppsListShouldRefreshDelegate.swift in Sources */,
			);
			runOnlyForDeploymentPostprocessing = 0;
		};
/* End PBXSourcesBuildPhase section */

/* Begin PBXTargetDependency section */
		E25437C11B441157009844AD /* PBXTargetDependency */ = {
			isa = PBXTargetDependency;
			target = E2F517221B430EAE00249634 /* Top Apps App Store */;
			targetProxy = E25437C01B441157009844AD /* PBXContainerItemProxy */;
		};
/* End PBXTargetDependency section */

/* Begin PBXVariantGroup section */
		E2F5172A1B430EAE00249634 /* Main.storyboard */ = {
			isa = PBXVariantGroup;
			children = (
				E2F5172B1B430EAE00249634 /* Base */,
			);
			name = Main.storyboard;
			sourceTree = "<group>";
		};
/* End PBXVariantGroup section */

/* Begin XCBuildConfiguration section */
		E25437C31B441157009844AD /* Debug */ = {
			isa = XCBuildConfiguration;
			buildSettings = {
				BUNDLE_LOADER = "$(TEST_HOST)";
				INFOPLIST_FILE = "Example Tests/Info.plist";
				LD_RUNPATH_SEARCH_PATHS = "$(inherited) @executable_path/Frameworks @loader_path/Frameworks";
				PRODUCT_BUNDLE_IDENTIFIER = "com.torianin.Example-Tests";
				PRODUCT_NAME = "$(TARGET_NAME)";
				TEST_HOST = "$(BUILT_PRODUCTS_DIR)/Top Apps App Store.app/Top Apps App Store";
			};
			name = Debug;
		};
		E25437C41B441157009844AD /* Release */ = {
			isa = XCBuildConfiguration;
			buildSettings = {
				BUNDLE_LOADER = "$(TEST_HOST)";
				INFOPLIST_FILE = "Example Tests/Info.plist";
				LD_RUNPATH_SEARCH_PATHS = "$(inherited) @executable_path/Frameworks @loader_path/Frameworks";
				PRODUCT_BUNDLE_IDENTIFIER = "com.torianin.Example-Tests";
				PRODUCT_NAME = "$(TARGET_NAME)";
				TEST_HOST = "$(BUILT_PRODUCTS_DIR)/Top Apps App Store.app/Top Apps App Store";
			};
			name = Release;
		};
		E2F517331B430EAE00249634 /* Debug */ = {
			isa = XCBuildConfiguration;
			buildSettings = {
				ALWAYS_SEARCH_USER_PATHS = NO;
				CLANG_CXX_LANGUAGE_STANDARD = "gnu++0x";
				CLANG_CXX_LIBRARY = "libc++";
				CLANG_ENABLE_MODULES = YES;
				CLANG_ENABLE_OBJC_ARC = YES;
				CLANG_WARN_BOOL_CONVERSION = YES;
				CLANG_WARN_CONSTANT_CONVERSION = YES;
				CLANG_WARN_DIRECT_OBJC_ISA_USAGE = YES_ERROR;
				CLANG_WARN_EMPTY_BODY = YES;
				CLANG_WARN_ENUM_CONVERSION = YES;
				CLANG_WARN_INT_CONVERSION = YES;
				CLANG_WARN_OBJC_ROOT_CLASS = YES_ERROR;
				CLANG_WARN_UNREACHABLE_CODE = YES;
				CLANG_WARN__DUPLICATE_METHOD_MATCH = YES;
				"CODE_SIGN_IDENTITY[sdk=iphoneos*]" = "iPhone Developer";
				COPY_PHASE_STRIP = NO;
				DEBUG_INFORMATION_FORMAT = dwarf;
				ENABLE_STRICT_OBJC_MSGSEND = YES;
				ENABLE_TESTABILITY = YES;
				GCC_C_LANGUAGE_STANDARD = gnu99;
				GCC_DYNAMIC_NO_PIC = NO;
				GCC_NO_COMMON_BLOCKS = YES;
				GCC_OPTIMIZATION_LEVEL = 0;
				GCC_PREPROCESSOR_DEFINITIONS = (
					"DEBUG=1",
					"$(inherited)",
				);
				GCC_WARN_64_TO_32_BIT_CONVERSION = YES;
				GCC_WARN_ABOUT_RETURN_TYPE = YES_ERROR;
				GCC_WARN_UNDECLARED_SELECTOR = YES;
				GCC_WARN_UNINITIALIZED_AUTOS = YES_AGGRESSIVE;
				GCC_WARN_UNUSED_FUNCTION = YES;
				GCC_WARN_UNUSED_VARIABLE = YES;
				IPHONEOS_DEPLOYMENT_TARGET = 9.0;
				MTL_ENABLE_DEBUG_INFO = YES;
				ONLY_ACTIVE_ARCH = YES;
				SDKROOT = iphoneos;
				SWIFT_OPTIMIZATION_LEVEL = "-Onone";
				TARGETED_DEVICE_FAMILY = "1,2";
			};
			name = Debug;
		};
		E2F517341B430EAE00249634 /* Release */ = {
			isa = XCBuildConfiguration;
			buildSettings = {
				ALWAYS_SEARCH_USER_PATHS = NO;
				CLANG_CXX_LANGUAGE_STANDARD = "gnu++0x";
				CLANG_CXX_LIBRARY = "libc++";
				CLANG_ENABLE_MODULES = YES;
				CLANG_ENABLE_OBJC_ARC = YES;
				CLANG_WARN_BOOL_CONVERSION = YES;
				CLANG_WARN_CONSTANT_CONVERSION = YES;
				CLANG_WARN_DIRECT_OBJC_ISA_USAGE = YES_ERROR;
				CLANG_WARN_EMPTY_BODY = YES;
				CLANG_WARN_ENUM_CONVERSION = YES;
				CLANG_WARN_INT_CONVERSION = YES;
				CLANG_WARN_OBJC_ROOT_CLASS = YES_ERROR;
				CLANG_WARN_UNREACHABLE_CODE = YES;
				CLANG_WARN__DUPLICATE_METHOD_MATCH = YES;
				"CODE_SIGN_IDENTITY[sdk=iphoneos*]" = "iPhone Developer";
				COPY_PHASE_STRIP = NO;
				DEBUG_INFORMATION_FORMAT = "dwarf-with-dsym";
				ENABLE_NS_ASSERTIONS = NO;
				ENABLE_STRICT_OBJC_MSGSEND = YES;
				GCC_C_LANGUAGE_STANDARD = gnu99;
				GCC_NO_COMMON_BLOCKS = YES;
				GCC_WARN_64_TO_32_BIT_CONVERSION = YES;
				GCC_WARN_ABOUT_RETURN_TYPE = YES_ERROR;
				GCC_WARN_UNDECLARED_SELECTOR = YES;
				GCC_WARN_UNINITIALIZED_AUTOS = YES_AGGRESSIVE;
				GCC_WARN_UNUSED_FUNCTION = YES;
				GCC_WARN_UNUSED_VARIABLE = YES;
				IPHONEOS_DEPLOYMENT_TARGET = 9.0;
				MTL_ENABLE_DEBUG_INFO = NO;
				SDKROOT = iphoneos;
				TARGETED_DEVICE_FAMILY = "1,2";
				VALIDATE_PRODUCT = YES;
			};
			name = Release;
		};
		E2F517361B430EAE00249634 /* Debug */ = {
			isa = XCBuildConfiguration;
			baseConfigurationReference = 0FF36E49AE96715CB531FFB0 /* Pods-Top Apps App Store.debug.xcconfig */;
			buildSettings = {
				ASSETCATALOG_COMPILER_APPICON_NAME = AppIcon;
				INFOPLIST_FILE = "Top Apps App Store/Info.plist";
				LD_RUNPATH_SEARCH_PATHS = "$(inherited) @executable_path/Frameworks";
				PRODUCT_BUNDLE_IDENTIFIER = "com.torianin.Top-Apps-App-Store";
				PRODUCT_NAME = "$(TARGET_NAME)";
			};
			name = Debug;
		};
		E2F517371B430EAE00249634 /* Release */ = {
			isa = XCBuildConfiguration;
			baseConfigurationReference = 849FDAFE6FC6430E05B7F082 /* Pods-Top Apps App Store.release.xcconfig */;
			buildSettings = {
				ASSETCATALOG_COMPILER_APPICON_NAME = AppIcon;
				INFOPLIST_FILE = "Top Apps App Store/Info.plist";
				LD_RUNPATH_SEARCH_PATHS = "$(inherited) @executable_path/Frameworks";
				PRODUCT_BUNDLE_IDENTIFIER = "com.torianin.Top-Apps-App-Store";
				PRODUCT_NAME = "$(TARGET_NAME)";
			};
			name = Release;
		};
/* End XCBuildConfiguration section */

/* Begin XCConfigurationList section */
		E25437C21B441157009844AD /* Build configuration list for PBXNativeTarget "Example Tests" */ = {
			isa = XCConfigurationList;
			buildConfigurations = (
				E25437C31B441157009844AD /* Debug */,
				E25437C41B441157009844AD /* Release */,
			);
			defaultConfigurationIsVisible = 0;
			defaultConfigurationName = Release;
		};
		E2F5171E1B430EAE00249634 /* Build configuration list for PBXProject "Top Apps App Store" */ = {
			isa = XCConfigurationList;
			buildConfigurations = (
				E2F517331B430EAE00249634 /* Debug */,
				E2F517341B430EAE00249634 /* Release */,
			);
			defaultConfigurationIsVisible = 0;
			defaultConfigurationName = Release;
		};
		E2F517351B430EAE00249634 /* Build configuration list for PBXNativeTarget "Top Apps App Store" */ = {
			isa = XCConfigurationList;
			buildConfigurations = (
				E2F517361B430EAE00249634 /* Debug */,
				E2F517371B430EAE00249634 /* Release */,
			);
			defaultConfigurationIsVisible = 0;
			defaultConfigurationName = Release;
		};
/* End XCConfigurationList section */
	};
	rootObject = E2F5171B1B430EAE00249634 /* Project object */;
}
